
Microsoft Visual Studio Solution File, Format Version 12.00
# Visual Studio 14
VisualStudioVersion = 14.0.25420.1
MinimumVisualStudioVersion = 10.0.40219.1
Project("{2150E333-8FDC-42A3-9474-1A3956D46DE8}") = "src", "src", "{A2215720-049F-40CF-8CB1-04D4B75EC188}"
EndProject
Project("{2150E333-8FDC-42A3-9474-1A3956D46DE8}") = "Solution Items", "Solution Items", "{272C5D4D-E5BD-47C6-A1CE-854F9CC1AE0A}"
	ProjectSection(SolutionItems) = preProject
		global.json = global.json
	EndProjectSection
EndProject
Project("{8BB2217D-0F2D-49D1-97BC-3654ED321F3B}") = "MyCodeCamp", "src\MyCodeCamp\MyCodeCamp.xproj", "{2FA651A8-1FCA-4A44-AE5F-8CEFB32E0337}"
EndProject
Project("{8BB2217D-0F2D-49D1-97BC-3654ED321F3B}") = "MyCodeCamp.Data", "src\MyCodeCamp.Data\MyCodeCamp.Data.xproj", "{D81A9959-9B4E-4D56-A8B9-5A1CB85E5941}"
EndProject
Global
	GlobalSection(SolutionConfigurationPlatforms) = preSolution
		Debug|Any CPU = Debug|Any CPU
		Release|Any CPU = Release|Any CPU
	EndGlobalSection
	GlobalSection(ProjectConfigurationPlatforms) = postSolution
		{2FA651A8-1FCA-4A44-AE5F-8CEFB32E0337}.Debug|Any CPU.ActiveCfg = Debug|Any CPU
		{2FA651A8-1FCA-4A44-AE5F-8CEFB32E0337}.Debug|Any CPU.Build.0 = Debug|Any CPU
		{2FA651A8-1FCA-4A44-AE5F-8CEFB32E0337}.Release|Any CPU.ActiveCfg = Release|Any CPU
		{2FA651A8-1FCA-4A44-AE5F-8CEFB32E0337}.Release|Any CPU.Build.0 = Release|Any CPU
		{D81A9959-9B4E-4D56-A8B9-5A1CB85E5941}.Debug|Any CPU.ActiveCfg = Debug|Any CPU
		{D81A9959-9B4E-4D56-A8B9-5A1CB85E5941}.Debug|Any CPU.Build.0 = Debug|Any CPU
		{D81A9959-9B4E-4D56-A8B9-5A1CB85E5941}.Release|Any CPU.ActiveCfg = Release|Any CPU
		{D81A9959-9B4E-4D56-A8B9-5A1CB85E5941}.Release|Any CPU.Build.0 = Release|Any CPU
	EndGlobalSection
	GlobalSection(SolutionProperties) = preSolution
		HideSolutionNode = FALSE
	EndGlobalSection
	GlobalSection(NestedProjects) = preSolution
		{2FA651A8-1FCA-4A44-AE5F-8CEFB32E0337} = {A2215720-049F-40CF-8CB1-04D4B75EC188}
		{D81A9959-9B4E-4D56-A8B9-5A1CB85E5941} = {A2215720-049F-40CF-8CB1-04D4B75EC188}
	EndGlobalSection
EndGlobal
